
Microsoft Visual Studio Solution File, Format Version 12.00
# Visual Studio 15
VisualStudioVersion = 15.0.28307.1300
MinimumVisualStudioVersion = 10.0.40219.1
Project("{FAE04EC0-301F-11D3-BF4B-00C04F79EFBC}") = "OtoGalari_otomasyonu", "OtoGalari_otomasyonu\OtoGalari_otomasyonu.csproj", "{367FCFD2-1068-4ADB-927F-2C6B47442BDE}"
EndProject
Global
	GlobalSection(SolutionConfigurationPlatforms) = preSolution
		Debug|Any CPU = Debug|Any CPU
		Release|Any CPU = Release|Any CPU
	EndGlobalSection
	GlobalSection(ProjectConfigurationPlatforms) = postSolution
		{367FCFD2-1068-4ADB-927F-2C6B47442BDE}.Debug|Any CPU.ActiveCfg = Debug|Any CPU
		{367FCFD2-1068-4ADB-927F-2C6B47442BDE}.Debug|Any CPU.Build.0 = Debug|Any CPU
		{367FCFD2-1068-4ADB-927F-2C6B47442BDE}.Release|Any CPU.ActiveCfg = Release|Any CPU
		{367FCFD2-1068-4ADB-927F-2C6B47442BDE}.Release|Any CPU.Build.0 = Release|Any CPU
	EndGlobalSection
	GlobalSection(SolutionProperties) = preSolution
		HideSolutionNode = FALSE
	EndGlobalSection
	GlobalSection(ExtensibilityGlobals) = postSolution
		SolutionGuid = {3369EE83-16F5-4F68-9518-D619E178026F}
	EndGlobalSection
EndGlobal
